dependencies:
- name: ko-crds
  repository: ""
  version: 1.1.0
- name: gwapi-standard-crds
  repository: ""
  version: 1.6.0
- name: gwapi-experimental-crds
  repository: ""
  version: 1.6.0
digest: sha256:015cd7c55d6aa982f90f1b0dce92c8fae8b55fa02cf7ea264f5ed0b0710f5977
generated: "2026-06-30T16:58:11.213023+08:00"
