dependencies:
- name: kic-crds
  repository: ""
  version: 1.2.0
- name: gwapi-standard-crds
  repository: ""
  version: 1.3.0
- name: gwapi-experimental-crds
  repository: ""
  version: 1.3.0
- name: ko-crds
  repository: ""
  version: 1.0.0
digest: sha256:1d4c421a46207809afa3bead910a73277aa6461270113f9f5743b7e6822d13b0
generated: "2025-08-24T16:07:03.640226+02:00"
