dependencies:
- name: ko-crds
  repository: ""
  version: 1.0.1
- name: gwapi-standard-crds
  repository: ""
  version: 1.5.0
- name: gwapi-experimental-crds
  repository: ""
  version: 1.5.0
digest: sha256:c7cad3f05ef82ab84276227a2ce0e04583a27433575164d7108a9e7a41302a96
generated: "2026-03-02T16:51:44.912727+01:00"
